
Microsoft Visual Studio Solution File, Format Version 12.00
# Visual Studio Version 17
VisualStudioVersion = 17.2.32516.85
MinimumVisualStudioVersion = 10.0.40219.1
Project("{2150E333-8FDC-42A3-9474-1A3956D46DE8}") = "1.Admin", "1.Admin", "{0F4C538A-902E-4551-BADA-657FC5978820}"
EndProject
Project("{FAE04EC0-301F-11D3-BF4B-00C04F79EFBC}") = "CourseDiary.Infrastructure", "Course.Infrastructure\CourseDiary.Infrastructure.csproj", "{57B6DF31-FF5C-41F3-BD96-6149722293A0}"
EndProject
Project("{FAE04EC0-301F-11D3-BF4B-00C04F79EFBC}") = "CourseDiary.Domain", "CourseDiary.Domain\CourseDiary.Domain.csproj", "{7303F46D-6B36-4371-81BB-E8AFB769C71F}"
EndProject
Project("{2150E333-8FDC-42A3-9474-1A3956D46DE8}") = "Backend", "Backend", "{0897EA98-39ED-4F0A-9AB9-CB9F15033C7D}"
EndProject
Project("{2150E333-8FDC-42A3-9474-1A3956D46DE8}") = "2.Trainer", "2.Trainer", "{56BA8C3E-3CE0-46BA-854B-E2ABFA9E0E75}"
EndProject
Project("{FAE04EC0-301F-11D3-BF4B-00C04F79EFBC}") = "CourseDiary.Server", "CourseDiary.Server\CourseDiary.Server.csproj", "{1C994B08-0B1D-4FFF-8E34-253A9B46EB27}"
EndProject
Project("{FAE04EC0-301F-11D3-BF4B-00C04F79EFBC}") = "CourseDiary.AdminClient", "CourseDiary.AdminClient\CourseDiary.AdminClient.csproj", "{1AFEB890-070E-4759-8A84-FD6C96C86410}"
EndProject
Project("{FAE04EC0-301F-11D3-BF4B-00C04F79EFBC}") = "CourseDiary.TrainerClient", "CourseDiary.TrainerClient\CourseDiary.TrainerClient.csproj", "{BED2CF93-A65B-4E8B-9E64-B5AA60514077}"
EndProject
Global
	GlobalSection(SolutionConfigurationPlatforms) = preSolution
		Debug|Any CPU = Debug|Any CPU
		Release|Any CPU = Release|Any CPU
	EndGlobalSection
	GlobalSection(ProjectConfigurationPlatforms) = postSolution
		{57B6DF31-FF5C-41F3-BD96-6149722293A0}.Debug|Any CPU.ActiveCfg = Debug|Any CPU
		{57B6DF31-FF5C-41F3-BD96-6149722293A0}.Debug|Any CPU.Build.0 = Debug|Any CPU
		{57B6DF31-FF5C-41F3-BD96-6149722293A0}.Release|Any CPU.ActiveCfg = Release|Any CPU
		{57B6DF31-FF5C-41F3-BD96-6149722293A0}.Release|Any CPU.Build.0 = Release|Any CPU
		{7303F46D-6B36-4371-81BB-E8AFB769C71F}.Debug|Any CPU.ActiveCfg = Debug|Any CPU
		{7303F46D-6B36-4371-81BB-E8AFB769C71F}.Debug|Any CPU.Build.0 = Debug|Any CPU
		{7303F46D-6B36-4371-81BB-E8AFB769C71F}.Release|Any CPU.ActiveCfg = Release|Any CPU
		{7303F46D-6B36-4371-81BB-E8AFB769C71F}.Release|Any CPU.Build.0 = Release|Any CPU
		{1C994B08-0B1D-4FFF-8E34-253A9B46EB27}.Debug|Any CPU.ActiveCfg = Debug|Any CPU
		{1C994B08-0B1D-4FFF-8E34-253A9B46EB27}.Debug|Any CPU.Build.0 = Debug|Any CPU
		{1C994B08-0B1D-4FFF-8E34-253A9B46EB27}.Release|Any CPU.ActiveCfg = Release|Any CPU
		{1C994B08-0B1D-4FFF-8E34-253A9B46EB27}.Release|Any CPU.Build.0 = Release|Any CPU
		{1AFEB890-070E-4759-8A84-FD6C96C86410}.Debug|Any CPU.ActiveCfg = Debug|Any CPU
		{1AFEB890-070E-4759-8A84-FD6C96C86410}.Debug|Any CPU.Build.0 = Debug|Any CPU
		{1AFEB890-070E-4759-8A84-FD6C96C86410}.Release|Any CPU.ActiveCfg = Release|Any CPU
		{1AFEB890-070E-4759-8A84-FD6C96C86410}.Release|Any CPU.Build.0 = Release|Any CPU
		{BED2CF93-A65B-4E8B-9E64-B5AA60514077}.Debug|Any CPU.ActiveCfg = Debug|Any CPU
		{BED2CF93-A65B-4E8B-9E64-B5AA60514077}.Debug|Any CPU.Build.0 = Debug|Any CPU
		{BED2CF93-A65B-4E8B-9E64-B5AA60514077}.Release|Any CPU.ActiveCfg = Release|Any CPU
		{BED2CF93-A65B-4E8B-9E64-B5AA60514077}.Release|Any CPU.Build.0 = Release|Any CPU
	EndGlobalSection
	GlobalSection(SolutionProperties) = preSolution
		HideSolutionNode = FALSE
	EndGlobalSection
	GlobalSection(NestedProjects) = preSolution
		{57B6DF31-FF5C-41F3-BD96-6149722293A0} = {0897EA98-39ED-4F0A-9AB9-CB9F15033C7D}
		{7303F46D-6B36-4371-81BB-E8AFB769C71F} = {0897EA98-39ED-4F0A-9AB9-CB9F15033C7D}
		{1C994B08-0B1D-4FFF-8E34-253A9B46EB27} = {0897EA98-39ED-4F0A-9AB9-CB9F15033C7D}
		{1AFEB890-070E-4759-8A84-FD6C96C86410} = {0F4C538A-902E-4551-BADA-657FC5978820}
		{BED2CF93-A65B-4E8B-9E64-B5AA60514077} = {56BA8C3E-3CE0-46BA-854B-E2ABFA9E0E75}
	EndGlobalSection
	GlobalSection(ExtensibilityGlobals) = postSolution
		SolutionGuid = {319544EE-E064-4ECE-992E-60F562396745}
	EndGlobalSection
EndGlobal
